<?xml version="1.0" encoding="utf-8"?>
<Project ToolsVersion="4.0" xmlns="http://schemas.microsoft.com/developer/msbuild/2003">
  <ItemGroup>
    <Filter Include="ソース ファイル">
      <UniqueIdentifier>{4FC737F1-C7A5-4376-A066-2A32D752A2FF}</UniqueIdentifier>
      <Extensions>cpp;c;cc;cxx;def;odl;idl;hpj;bat;asm;asmx</Extensions>
    </Filter>
    <Filter Include="ヘッダー ファイル">
      <UniqueIdentifier>{93995380-89BD-4b04-88EB-625FBE52EBFB}</UniqueIdentifier>
      <Extensions>h;hh;hpp;hxx;hm;inl;inc;xsd</Extensions>
    </Filter>
    <Filter Include="リソース ファイル">
      <UniqueIdentifier>{67DA6AB6-F800-4c08-8B7A-83BB121AAD01}</UniqueIdentifier>
      <Extensions>rc;ico;cur;bmp;dlg;rc2;rct;bin;rgs;gif;jpg;jpeg;jpe;resx;tiff;tif;png;wav;mfcribbon-ms</Extensions>
    </Filter>
  </ItemGroup>
  <ItemGroup>
    <ClCompile Include="filter_io_stl\filter_io_stl.c">
      <Filter>ソース ファイル</Filter>
    </ClCompile>
    <ClCompile Include="filter_io_avs\filter_avsfld.c">
      <Filter>ソース ファイル</Filter>
    </ClCompile>
    <ClCompile Include="filter_io_avs\filter_ucdbin.c">
      <Filter>ソース ファイル</Filter>
    </ClCompile>
    <ClCompile Include="filter_io_avs\filter_ucdinp.c">
      <Filter>ソース ファイル</Filter>
    </ClCompile>
    <ClCompile Include="filter_io_plot3d\filter_io_file_reader.c">
      <Filter>ソース ファイル</Filter>
    </ClCompile>
    <ClCompile Include="filter_io_plot3d\filter_io_plot3d.c">
      <Filter>ソース ファイル</Filter>
    </ClCompile>
    <ClCompile Include="filter_io_plot3d\filter_io_plot3d_config.c">
      <Filter>ソース ファイル</Filter>
    </ClCompile>
    <ClCompile Include="filter_io_plot3d\filter_io_plot3d_coordinateBlock.c">
      <Filter>ソース ファイル</Filter>
    </ClCompile>
    <ClCompile Include="filter_io_plot3d\filter_io_plot3d_dataSet.c">
      <Filter>ソース ファイル</Filter>
    </ClCompile>
    <ClCompile Include="filter_io_plot3d\filter_io_plot3d_dataSetF.c">
      <Filter>ソース ファイル</Filter>
    </ClCompile>
    <ClCompile Include="filter_io_plot3d\filter_io_plot3d_dataSetG.c">
      <Filter>ソース ファイル</Filter>
    </ClCompile>
    <ClCompile Include="filter_io_plot3d\filter_io_plot3d_dataSetS.c">
      <Filter>ソース ファイル</Filter>
    </ClCompile>
    <ClCompile Include="filter_io_plot3d\filter_io_plot3d_functionBlock.c">
      <Filter>ソース ファイル</Filter>
    </ClCompile>
    <ClCompile Include="filter_io_plot3d\filter_io_plot3d_solutionBlock.c">
      <Filter>ソース ファイル</Filter>
    </ClCompile>
    <ClCompile Include="filter_io_plot3d\filter_io_types.c">
      <Filter>ソース ファイル</Filter>
    </ClCompile>
    <ClCompile Include="filter_main.c">
      <Filter>ソース ファイル</Filter>
    </ClCompile>
    <ClCompile Include="filter_tree.c">
      <Filter>ソース ファイル</Filter>
    </ClCompile>
    <ClCompile Include="filter_utils.c">
      <Filter>ソース ファイル</Filter>
    </ClCompile>
    <ClCompile Include="filter_write.c">
      <Filter>ソース ファイル</Filter>
    </ClCompile>
    <ClCompile Include="filter_convert.c">
      <Filter>ソース ファイル</Filter>
    </ClCompile>
    <ClCompile Include="filter_log.c">
      <Filter>ソース ファイル</Filter>
    </ClCompile>
    <ClCompile Include="filter_io_vtk\filter_io_vtk.c">
      <Filter>ソース ファイル</Filter>
    </ClCompile>
    <ClCompile Include="filter_io_vtk\filter_io_vtk_structured.c">
      <Filter>ソース ファイル</Filter>
    </ClCompile>
    <ClCompile Include="filter_io_vtk\filter_io_vtk_unstructured.c">
      <Filter>ソース ファイル</Filter>
    </ClCompile>
    <ClCompile Include="filter_io_vtk\wrapper\wrapper_vtk_data.cpp">
      <Filter>ソース ファイル</Filter>
    </ClCompile>
    <ClCompile Include="filter_io_vtk\wrapper\wrapper_vtk_reader.cpp">
      <Filter>ソース ファイル</Filter>
    </ClCompile>
  </ItemGroup>
  <ItemGroup>
    <ClInclude Include="filter_io_stl\filter_io_stl.h">
      <Filter>ヘッダー ファイル</Filter>
    </ClInclude>
    <ClInclude Include="filter_io_plot3d\filter_io_file_reader.h">
      <Filter>ヘッダー ファイル</Filter>
    </ClInclude>
    <ClInclude Include="filter_io_plot3d\filter_io_plot3d.h">
      <Filter>ヘッダー ファイル</Filter>
    </ClInclude>
    <ClInclude Include="filter_io_plot3d\filter_io_plot3d_config.h">
      <Filter>ヘッダー ファイル</Filter>
    </ClInclude>
    <ClInclude Include="filter_io_plot3d\filter_io_plot3d_coordinateBlock.h">
      <Filter>ヘッダー ファイル</Filter>
    </ClInclude>
    <ClInclude Include="filter_io_plot3d\filter_io_plot3d_dataSet.h">
      <Filter>ヘッダー ファイル</Filter>
    </ClInclude>
    <ClInclude Include="filter_io_plot3d\filter_io_plot3d_functionBlock.h">
      <Filter>ヘッダー ファイル</Filter>
    </ClInclude>
    <ClInclude Include="filter_io_plot3d\filter_io_plot3d_solutionBlock.h">
      <Filter>ヘッダー ファイル</Filter>
    </ClInclude>
    <ClInclude Include="filter_io_plot3d\filter_io_types.h">
      <Filter>ヘッダー ファイル</Filter>
    </ClInclude>
    <ClInclude Include="filter.h">
      <Filter>ヘッダー ファイル</Filter>
    </ClInclude>
    <ClInclude Include="filter_convert.h">
      <Filter>ヘッダー ファイル</Filter>
    </ClInclude>
    <ClInclude Include="filter_log.h">
      <Filter>ヘッダー ファイル</Filter>
    </ClInclude>
    <ClInclude Include="filter_tree.h">
      <Filter>ヘッダー ファイル</Filter>
    </ClInclude>
    <ClInclude Include="filter_utils.h">
      <Filter>ヘッダー ファイル</Filter>
    </ClInclude>
    <ClInclude Include="filter_write.h">
      <Filter>ヘッダー ファイル</Filter>
    </ClInclude>
    <ClInclude Include="filter_io_vtk\filter_io_vtk.h">
      <Filter>ヘッダー ファイル</Filter>
    </ClInclude>
    <ClInclude Include="filter_io_vtk\wrapper\wrapper_vtk_data.h">
      <Filter>ヘッダー ファイル</Filter>
    </ClInclude>
    <ClInclude Include="filter_io_vtk\wrapper\wrapper_vtk_macros.h">
      <Filter>ヘッダー ファイル</Filter>
    </ClInclude>
    <ClInclude Include="filter_io_vtk\wrapper\wrapper_vtk_reader.h">
      <Filter>ヘッダー ファイル</Filter>
    </ClInclude>
  </ItemGroup>
</Project>