<?xml version="1.0" encoding="utf-8"?>
<Project ToolsVersion="4.0" xmlns="http://schemas.microsoft.com/developer/msbuild/2003">
  <ItemGroup>
    <Filter Include="ソース ファイル">
      <UniqueIdentifier>{4FC737F1-C7A5-4376-A066-2A32D752A2FF}</UniqueIdentifier>
      <Extensions>cpp;c;cc;cxx;def;odl;idl;hpj;bat;asm;asmx</Extensions>
    </Filter>
    <Filter Include="ヘッダー ファイル">
      <UniqueIdentifier>{93995380-89BD-4b04-88EB-625FBE52EBFB}</UniqueIdentifier>
      <Extensions>h;hh;hpp;hxx;hm;inl;inc;xsd</Extensions>
    </Filter>
    <Filter Include="リソース ファイル">
      <UniqueIdentifier>{67DA6AB6-F800-4c08-8B7A-83BB121AAD01}</UniqueIdentifier>
      <Extensions>rc;ico;cur;bmp;dlg;rc2;rct;bin;rgs;gif;jpg;jpeg;jpe;resx;tiff;tif;png;wav;mfcribbon-ms</Extensions>
    </Filter>
  </ItemGroup>
  <ItemGroup>
    <ClCompile Include="UnstructuredVolumeObject.cpp">
      <Filter>ソース ファイル</Filter>
    </ClCompile>
    <ClCompile Include="VolumeObjectBase.cpp">
      <Filter>ソース ファイル</Filter>
    </ClCompile>
    <ClCompile Include="AggregateTypeSubvolume.cpp">
      <Filter>ソース ファイル</Filter>
    </ClCompile>
    <ClCompile Include="CellByCellMetropolisSampling.cpp">
      <Filter>ソース ファイル</Filter>
    </ClCompile>
    <ClCompile Include="CellByCellRejectionSampling.cpp">
      <Filter>ソース ファイル</Filter>
    </ClCompile>
    <ClCompile Include="CellByCellUniformSampling.cpp">
      <Filter>ソース ファイル</Filter>
    </ClCompile>
    <ClCompile Include="CropRegion.cpp">
      <Filter>ソース ファイル</Filter>
    </ClCompile>
    <ClCompile Include="DataArrayTag.cpp">
      <Filter>ソース ファイル</Filter>
    </ClCompile>
    <ClCompile Include="ExtendedTransferFunction.cpp">
      <Filter>ソース ファイル</Filter>
    </ClCompile>
    <ClCompile Include="FrequencyTable.cpp">
      <Filter>ソース ファイル</Filter>
    </ClCompile>
    <ClCompile Include="GeometryObjectBase.cpp">
      <Filter>ソース ファイル</Filter>
    </ClCompile>
    <ClCompile Include="GlobalCore.cpp">
      <Filter>ソース ファイル</Filter>
    </ClCompile>
    <ClCompile Include="HexahedralCell.cpp">
      <Filter>ソース ファイル</Filter>
    </ClCompile>
    <ClCompile Include="IDManager.cpp">
      <Filter>ソース ファイル</Filter>
    </ClCompile>
    <ClCompile Include="JobCollector.cpp">
      <Filter>ソース ファイル</Filter>
    </ClCompile>
    <ClCompile Include="JobDispatcher.cpp">
      <Filter>ソース ファイル</Filter>
    </ClCompile>
    <ClCompile Include="KVSMLObjectPointWriter.cpp">
      <Filter>ソース ファイル</Filter>
    </ClCompile>
    <ClCompile Include="main.cpp">
      <Filter>ソース ファイル</Filter>
    </ClCompile>
    <ClCompile Include="MapperBase.cpp">
      <Filter>ソース ファイル</Filter>
    </ClCompile>
    <ClCompile Include="ObjectBase.cpp">
      <Filter>ソース ファイル</Filter>
    </ClCompile>
    <ClCompile Include="ObjectManager.cpp">
      <Filter>ソース ファイル</Filter>
    </ClCompile>
    <ClCompile Include="ParameterFile.cpp">
      <Filter>ソース ファイル</Filter>
    </ClCompile>
    <ClCompile Include="PointObject.cpp">
      <Filter>ソース ファイル</Filter>
    </ClCompile>
    <ClCompile Include="PointObjectGenerator.cpp">
      <Filter>ソース ファイル</Filter>
    </ClCompile>
    <ClCompile Include="PrismaticCell.cpp">
      <Filter>ソース ファイル</Filter>
    </ClCompile>
    <ClCompile Include="PyramidalCell.cpp">
      <Filter>ソース ファイル</Filter>
    </ClCompile>
    <ClCompile Include="QuadraticHexahedralCell.cpp">
      <Filter>ソース ファイル</Filter>
    </ClCompile>
    <ClCompile Include="QuadraticSquareCell.cpp">
      <Filter>ソース ファイル</Filter>
    </ClCompile>
    <ClCompile Include="QuadraticTetrahedralCell.cpp">
      <Filter>ソース ファイル</Filter>
    </ClCompile>
    <ClCompile Include="QuadraticTriangleCell.cpp">
      <Filter>ソース ファイル</Filter>
    </ClCompile>
    <ClCompile Include="RangeEstimater.cpp">
      <Filter>ソース ファイル</Filter>
    </ClCompile>
    <ClCompile Include="SPLITTypeSubvolume.cpp">
      <Filter>ソース ファイル</Filter>
    </ClCompile>
    <ClCompile Include="SquareCell.cpp">
      <Filter>ソース ファイル</Filter>
    </ClCompile>
    <ClCompile Include="StepAggregateTypeSubvolume.cpp">
      <Filter>ソース ファイル</Filter>
    </ClCompile>
    <ClCompile Include="StructuredVolumeObject.cpp">
      <Filter>ソース ファイル</Filter>
    </ClCompile>
    <ClCompile Include="TetrahedralCell.cpp">
      <Filter>ソース ファイル</Filter>
    </ClCompile>
    <ClCompile Include="TransferFunction.cpp">
      <Filter>ソース ファイル</Filter>
    </ClCompile>
    <ClCompile Include="TransferFunctionSynthesizer.cpp">
      <Filter>ソース ファイル</Filter>
    </ClCompile>
    <ClCompile Include="TransferFunctionSynthesizerCreator.cpp">
      <Filter>ソース ファイル</Filter>
    </ClCompile>
    <ClCompile Include="TriangleCell.cpp">
      <Filter>ソース ファイル</Filter>
    </ClCompile>
    <ClCompile Include="UnstructuredVolumeImporter.cpp">
      <Filter>ソース ファイル</Filter>
    </ClCompile>
    <ClCompile Include="FilterInformation.cpp">
      <Filter>ソース ファイル</Filter>
    </ClCompile>
    <ClCompile Include="PbvrFilterInformation.cpp">
      <Filter>ソース ファイル</Filter>
    </ClCompile>
    <ClCompile Include="PbvrJobDispatcher.cpp">
      <Filter>ソース ファイル</Filter>
    </ClCompile>
    <ClCompile Include="PbvrObjectUnstructuredVolume.cpp">
      <Filter>ソース ファイル</Filter>
    </ClCompile>
    <ClCompile Include="PbvrPointObjectGenerator.cpp">
      <Filter>ソース ファイル</Filter>
    </ClCompile>
    <ClCompile Include="Server.cpp">
      <Filter>ソース ファイル</Filter>
    </ClCompile>
  </ItemGroup>
  <ItemGroup>
    <ClInclude Include="AggregateTypeSubvolume.h">
      <Filter>ヘッダー ファイル</Filter>
    </ClInclude>
    <ClInclude Include="Argument.h">
      <Filter>ヘッダー ファイル</Filter>
    </ClInclude>
    <ClInclude Include="CellBase.h">
      <Filter>ヘッダー ファイル</Filter>
    </ClInclude>
    <ClInclude Include="CellByCellMetropolisSampling.h">
      <Filter>ヘッダー ファイル</Filter>
    </ClInclude>
    <ClInclude Include="CellByCellParticleGenerator.h">
      <Filter>ヘッダー ファイル</Filter>
    </ClInclude>
    <ClInclude Include="CellByCellRejectionSampling.h">
      <Filter>ヘッダー ファイル</Filter>
    </ClInclude>
    <ClInclude Include="CellByCellUniformSampling.h">
      <Filter>ヘッダー ファイル</Filter>
    </ClInclude>
    <ClInclude Include="ClassName.h">
      <Filter>ヘッダー ファイル</Filter>
    </ClInclude>
    <ClInclude Include="common.h">
      <Filter>ヘッダー ファイル</Filter>
    </ClInclude>
    <ClInclude Include="Compiler.h">
      <Filter>ヘッダー ファイル</Filter>
    </ClInclude>
    <ClInclude Include="CropRegion.h">
      <Filter>ヘッダー ファイル</Filter>
    </ClInclude>
    <ClInclude Include="DataArray.h">
      <Filter>ヘッダー ファイル</Filter>
    </ClInclude>
    <ClInclude Include="DataArrayTag.h">
      <Filter>ヘッダー ファイル</Filter>
    </ClInclude>
    <ClInclude Include="endian2.h">
      <Filter>ヘッダー ファイル</Filter>
    </ClInclude>
    <ClInclude Include="ExtendedTransferFunction.h">
      <Filter>ヘッダー ファイル</Filter>
    </ClInclude>
    <ClInclude Include="FrequencyTable.h">
      <Filter>ヘッダー ファイル</Filter>
    </ClInclude>
    <ClInclude Include="GeometryObjectBase.h">
      <Filter>ヘッダー ファイル</Filter>
    </ClInclude>
    <ClInclude Include="GlobalCore.h">
      <Filter>ヘッダー ファイル</Filter>
    </ClInclude>
    <ClInclude Include="HexahedralCell.h">
      <Filter>ヘッダー ファイル</Filter>
    </ClInclude>
    <ClInclude Include="IDManager.h">
      <Filter>ヘッダー ファイル</Filter>
    </ClInclude>
    <ClInclude Include="ImporterBase.h">
      <Filter>ヘッダー ファイル</Filter>
    </ClInclude>
    <ClInclude Include="JobCollector.h">
      <Filter>ヘッダー ファイル</Filter>
    </ClInclude>
    <ClInclude Include="JobDispatcher.h">
      <Filter>ヘッダー ファイル</Filter>
    </ClInclude>
    <ClInclude Include="KVSMLObjectPointWriter.h">
      <Filter>ヘッダー ファイル</Filter>
    </ClInclude>
    <ClInclude Include="Macro.h">
      <Filter>ヘッダー ファイル</Filter>
    </ClInclude>
    <ClInclude Include="MapperBase.h">
      <Filter>ヘッダー ファイル</Filter>
    </ClInclude>
    <ClInclude Include="ObjectBase.h">
      <Filter>ヘッダー ファイル</Filter>
    </ClInclude>
    <ClInclude Include="ObjectManager.h">
      <Filter>ヘッダー ファイル</Filter>
    </ClInclude>
    <ClInclude Include="ParameterFile.h">
      <Filter>ヘッダー ファイル</Filter>
    </ClInclude>
    <ClInclude Include="Platform.h">
      <Filter>ヘッダー ファイル</Filter>
    </ClInclude>
    <ClInclude Include="PointObject.h">
      <Filter>ヘッダー ファイル</Filter>
    </ClInclude>
    <ClInclude Include="PointObjectGenerator.h">
      <Filter>ヘッダー ファイル</Filter>
    </ClInclude>
    <ClInclude Include="PrismaticCell.h">
      <Filter>ヘッダー ファイル</Filter>
    </ClInclude>
    <ClInclude Include="PyramidalCell.h">
      <Filter>ヘッダー ファイル</Filter>
    </ClInclude>
    <ClInclude Include="QuadraticHexahedralCell.h">
      <Filter>ヘッダー ファイル</Filter>
    </ClInclude>
    <ClInclude Include="QuadraticSquareCell.h">
      <Filter>ヘッダー ファイル</Filter>
    </ClInclude>
    <ClInclude Include="QuadraticTetrahedralCell.h">
      <Filter>ヘッダー ファイル</Filter>
    </ClInclude>
    <ClInclude Include="QuadraticTriangleCell.h">
      <Filter>ヘッダー ファイル</Filter>
    </ClInclude>
    <ClInclude Include="RangeEstimater.h">
      <Filter>ヘッダー ファイル</Filter>
    </ClInclude>
    <ClInclude Include="SPLITTypeSubvolume.h">
      <Filter>ヘッダー ファイル</Filter>
    </ClInclude>
    <ClInclude Include="SquareCell.h">
      <Filter>ヘッダー ファイル</Filter>
    </ClInclude>
    <ClInclude Include="StepAggregateTypeSubvolume.h">
      <Filter>ヘッダー ファイル</Filter>
    </ClInclude>
    <ClInclude Include="StructuredVolumeObject.h">
      <Filter>ヘッダー ファイル</Filter>
    </ClInclude>
    <ClInclude Include="TagTable.h">
      <Filter>ヘッダー ファイル</Filter>
    </ClInclude>
    <ClInclude Include="TetrahedralCell.h">
      <Filter>ヘッダー ファイル</Filter>
    </ClInclude>
    <ClInclude Include="timer_simple.h">
      <Filter>ヘッダー ファイル</Filter>
    </ClInclude>
    <ClInclude Include="TransferFunction.h">
      <Filter>ヘッダー ファイル</Filter>
    </ClInclude>
    <ClInclude Include="TransferFunctionSynthesizer.h">
      <Filter>ヘッダー ファイル</Filter>
    </ClInclude>
    <ClInclude Include="TransferFunctionSynthesizerCreator.h">
      <Filter>ヘッダー ファイル</Filter>
    </ClInclude>
    <ClInclude Include="TriangleCell.h">
      <Filter>ヘッダー ファイル</Filter>
    </ClInclude>
    <ClInclude Include="Types.h">
      <Filter>ヘッダー ファイル</Filter>
    </ClInclude>
    <ClInclude Include="UnstructuredVolumeImporter.h">
      <Filter>ヘッダー ファイル</Filter>
    </ClInclude>
    <ClInclude Include="UnstructuredVolumeObject.h">
      <Filter>ヘッダー ファイル</Filter>
    </ClInclude>
    <ClInclude Include="VolumeObjectBase.h">
      <Filter>ヘッダー ファイル</Filter>
    </ClInclude>
    <ClInclude Include="FilterInformation.h">
      <Filter>ヘッダー ファイル</Filter>
    </ClInclude>
    <ClInclude Include="PbvrFilterInformation.h">
      <Filter>ヘッダー ファイル</Filter>
    </ClInclude>
    <ClInclude Include="PbvrJobDispatcher.h">
      <Filter>ヘッダー ファイル</Filter>
    </ClInclude>
    <ClInclude Include="PbvrObjectUnstructuredVolume.h">
      <Filter>ヘッダー ファイル</Filter>
    </ClInclude>
    <ClInclude Include="PbvrPointObjectGenerator.h">
      <Filter>ヘッダー ファイル</Filter>
    </ClInclude>
    <ClInclude Include="Server.h">
      <Filter>ヘッダー ファイル</Filter>
    </ClInclude>
  </ItemGroup>
</Project>