
Microsoft Visual Studio Solution File, Format Version 12.00
# Visual Studio Version 17
VisualStudioVersion = 17.13.35919.96
MinimumVisualStudioVersion = 10.0.40219.1
Project("{8BC9CEB8-8B4A-11D0-8D11-00A0C91BC942}") = "pbvr_server", "pbvr_server.vcxproj", "{8C1C14DE-0C11-4EBA-9B61-BA1FA268A137}"
	ProjectSection(ProjectDependencies) = postProject
		{02DB49F2-1BA0-4646-A8A2-7C18D2DF2E49} = {02DB49F2-1BA0-4646-A8A2-7C18D2DF2E49}
		{F94855AB-B76C-48CA-BEC4-6D6C4BCCC5D2} = {F94855AB-B76C-48CA-BEC4-6D6C4BCCC5D2}
	EndProjectSection
EndProject
Project("{8BC9CEB8-8B4A-11D0-8D11-00A0C91BC942}") = "FunctionParser", "FunctionParser\FunctionParser.vcxproj", "{02DB49F2-1BA0-4646-A8A2-7C18D2DF2E49}"
EndProject
Project("{8BC9CEB8-8B4A-11D0-8D11-00A0C91BC942}") = "VisModule", "VisModule\VisModule.vcxproj", "{F94855AB-B76C-48CA-BEC4-6D6C4BCCC5D2}"
EndProject
Project("{8BC9CEB8-8B4A-11D0-8D11-00A0C91BC942}") = "pbvr_server_vtk", "pbvr_server_vtk.vcxproj", "{72E92EA5-B123-434E-8D6E-51661673B793}"
	ProjectSection(ProjectDependencies) = postProject
		{02DB49F2-1BA0-4646-A8A2-7C18D2DF2E49} = {02DB49F2-1BA0-4646-A8A2-7C18D2DF2E49}
		{E35A161F-5B8A-4549-8DF5-4833F7B20E51} = {E35A161F-5B8A-4549-8DF5-4833F7B20E51}
	EndProjectSection
EndProject
Project("{8BC9CEB8-8B4A-11D0-8D11-00A0C91BC942}") = "KVSMLConverter", "..\KVSMLConverter\KVSMLConverter.vcxproj", "{3BCEF6FD-42BC-46AC-857C-C01AF17DF910}"
EndProject
Project("{8BC9CEB8-8B4A-11D0-8D11-00A0C91BC942}") = "Filter", "..\Filter\Filter.vcxproj", "{F4560F45-8CBD-4FC6-8C85-5AB16DCC4A69}"
EndProject
Project("{8BC9CEB8-8B4A-11D0-8D11-00A0C91BC942}") = "Filter_vtk", "..\Filter\Filter_vtk.vcxproj", "{B2218F17-F6C8-4C1F-A00A-A6052D50F4AB}"
EndProject
Project("{8BC9CEB8-8B4A-11D0-8D11-00A0C91BC942}") = "VisModule_vtk", "VisModule\VisModule_vtk.vcxproj", "{E35A161F-5B8A-4549-8DF5-4833F7B20E51}"
EndProject
Global
	GlobalSection(SolutionConfigurationPlatforms) = preSolution
		Debug|x64 = Debug|x64
		Debug|x86 = Debug|x86
		Release|x64 = Release|x64
		Release|x86 = Release|x86
	EndGlobalSection
	GlobalSection(ProjectConfigurationPlatforms) = postSolution
		{8C1C14DE-0C11-4EBA-9B61-BA1FA268A137}.Debug|x64.ActiveCfg = Debug|x64
		{8C1C14DE-0C11-4EBA-9B61-BA1FA268A137}.Debug|x64.Build.0 = Debug|x64
		{8C1C14DE-0C11-4EBA-9B61-BA1FA268A137}.Debug|x86.ActiveCfg = Debug|Win32
		{8C1C14DE-0C11-4EBA-9B61-BA1FA268A137}.Debug|x86.Build.0 = Debug|Win32
		{8C1C14DE-0C11-4EBA-9B61-BA1FA268A137}.Release|x64.ActiveCfg = Release|x64
		{8C1C14DE-0C11-4EBA-9B61-BA1FA268A137}.Release|x64.Build.0 = Release|x64
		{8C1C14DE-0C11-4EBA-9B61-BA1FA268A137}.Release|x86.ActiveCfg = Release|Win32
		{8C1C14DE-0C11-4EBA-9B61-BA1FA268A137}.Release|x86.Build.0 = Release|Win32
		{02DB49F2-1BA0-4646-A8A2-7C18D2DF2E49}.Debug|x64.ActiveCfg = Debug|x64
		{02DB49F2-1BA0-4646-A8A2-7C18D2DF2E49}.Debug|x64.Build.0 = Debug|x64
		{02DB49F2-1BA0-4646-A8A2-7C18D2DF2E49}.Debug|x86.ActiveCfg = Debug|Win32
		{02DB49F2-1BA0-4646-A8A2-7C18D2DF2E49}.Debug|x86.Build.0 = Debug|Win32
		{02DB49F2-1BA0-4646-A8A2-7C18D2DF2E49}.Release|x64.ActiveCfg = Release|x64
		{02DB49F2-1BA0-4646-A8A2-7C18D2DF2E49}.Release|x64.Build.0 = Release|x64
		{02DB49F2-1BA0-4646-A8A2-7C18D2DF2E49}.Release|x86.ActiveCfg = Release|Win32
		{02DB49F2-1BA0-4646-A8A2-7C18D2DF2E49}.Release|x86.Build.0 = Release|Win32
		{F94855AB-B76C-48CA-BEC4-6D6C4BCCC5D2}.Debug|x64.ActiveCfg = Debug|x64
		{F94855AB-B76C-48CA-BEC4-6D6C4BCCC5D2}.Debug|x64.Build.0 = Debug|x64
		{F94855AB-B76C-48CA-BEC4-6D6C4BCCC5D2}.Debug|x86.ActiveCfg = Debug|Win32
		{F94855AB-B76C-48CA-BEC4-6D6C4BCCC5D2}.Debug|x86.Build.0 = Debug|Win32
		{F94855AB-B76C-48CA-BEC4-6D6C4BCCC5D2}.Release|x64.ActiveCfg = Release|x64
		{F94855AB-B76C-48CA-BEC4-6D6C4BCCC5D2}.Release|x64.Build.0 = Release|x64
		{F94855AB-B76C-48CA-BEC4-6D6C4BCCC5D2}.Release|x86.ActiveCfg = Release|Win32
		{F94855AB-B76C-48CA-BEC4-6D6C4BCCC5D2}.Release|x86.Build.0 = Release|Win32
		{72E92EA5-B123-434E-8D6E-51661673B793}.Debug|x64.ActiveCfg = Debug|x64
		{72E92EA5-B123-434E-8D6E-51661673B793}.Debug|x64.Build.0 = Debug|x64
		{72E92EA5-B123-434E-8D6E-51661673B793}.Debug|x86.ActiveCfg = Debug|Win32
		{72E92EA5-B123-434E-8D6E-51661673B793}.Debug|x86.Build.0 = Debug|Win32
		{72E92EA5-B123-434E-8D6E-51661673B793}.Release|x64.ActiveCfg = Release|x64
		{72E92EA5-B123-434E-8D6E-51661673B793}.Release|x64.Build.0 = Release|x64
		{72E92EA5-B123-434E-8D6E-51661673B793}.Release|x86.ActiveCfg = Release|Win32
		{72E92EA5-B123-434E-8D6E-51661673B793}.Release|x86.Build.0 = Release|Win32
		{3BCEF6FD-42BC-46AC-857C-C01AF17DF910}.Debug|x64.ActiveCfg = Debug|x64
		{3BCEF6FD-42BC-46AC-857C-C01AF17DF910}.Debug|x64.Build.0 = Debug|x64
		{3BCEF6FD-42BC-46AC-857C-C01AF17DF910}.Debug|x86.ActiveCfg = Debug|Win32
		{3BCEF6FD-42BC-46AC-857C-C01AF17DF910}.Debug|x86.Build.0 = Debug|Win32
		{3BCEF6FD-42BC-46AC-857C-C01AF17DF910}.Release|x64.ActiveCfg = Release|x64
		{3BCEF6FD-42BC-46AC-857C-C01AF17DF910}.Release|x64.Build.0 = Release|x64
		{3BCEF6FD-42BC-46AC-857C-C01AF17DF910}.Release|x86.ActiveCfg = Release|Win32
		{3BCEF6FD-42BC-46AC-857C-C01AF17DF910}.Release|x86.Build.0 = Release|Win32
		{F4560F45-8CBD-4FC6-8C85-5AB16DCC4A69}.Debug|x64.ActiveCfg = Debug|x64
		{F4560F45-8CBD-4FC6-8C85-5AB16DCC4A69}.Debug|x64.Build.0 = Debug|x64
		{F4560F45-8CBD-4FC6-8C85-5AB16DCC4A69}.Debug|x86.ActiveCfg = Debug|Win32
		{F4560F45-8CBD-4FC6-8C85-5AB16DCC4A69}.Debug|x86.Build.0 = Debug|Win32
		{F4560F45-8CBD-4FC6-8C85-5AB16DCC4A69}.Release|x64.ActiveCfg = Release|x64
		{F4560F45-8CBD-4FC6-8C85-5AB16DCC4A69}.Release|x64.Build.0 = Release|x64
		{F4560F45-8CBD-4FC6-8C85-5AB16DCC4A69}.Release|x86.ActiveCfg = Release|Win32
		{F4560F45-8CBD-4FC6-8C85-5AB16DCC4A69}.Release|x86.Build.0 = Release|Win32
		{B2218F17-F6C8-4C1F-A00A-A6052D50F4AB}.Debug|x64.ActiveCfg = Debug|x64
		{B2218F17-F6C8-4C1F-A00A-A6052D50F4AB}.Debug|x64.Build.0 = Debug|x64
		{B2218F17-F6C8-4C1F-A00A-A6052D50F4AB}.Debug|x86.ActiveCfg = Debug|Win32
		{B2218F17-F6C8-4C1F-A00A-A6052D50F4AB}.Debug|x86.Build.0 = Debug|Win32
		{B2218F17-F6C8-4C1F-A00A-A6052D50F4AB}.Release|x64.ActiveCfg = Release|x64
		{B2218F17-F6C8-4C1F-A00A-A6052D50F4AB}.Release|x64.Build.0 = Release|x64
		{B2218F17-F6C8-4C1F-A00A-A6052D50F4AB}.Release|x86.ActiveCfg = Release|Win32
		{B2218F17-F6C8-4C1F-A00A-A6052D50F4AB}.Release|x86.Build.0 = Release|Win32
		{E35A161F-5B8A-4549-8DF5-4833F7B20E51}.Debug|x64.ActiveCfg = Debug|x64
		{E35A161F-5B8A-4549-8DF5-4833F7B20E51}.Debug|x64.Build.0 = Debug|x64
		{E35A161F-5B8A-4549-8DF5-4833F7B20E51}.Debug|x86.ActiveCfg = Debug|Win32
		{E35A161F-5B8A-4549-8DF5-4833F7B20E51}.Debug|x86.Build.0 = Debug|Win32
		{E35A161F-5B8A-4549-8DF5-4833F7B20E51}.Release|x64.ActiveCfg = Release|x64
		{E35A161F-5B8A-4549-8DF5-4833F7B20E51}.Release|x64.Build.0 = Release|x64
		{E35A161F-5B8A-4549-8DF5-4833F7B20E51}.Release|x86.ActiveCfg = Release|Win32
		{E35A161F-5B8A-4549-8DF5-4833F7B20E51}.Release|x86.Build.0 = Release|Win32
	EndGlobalSection
	GlobalSection(SolutionProperties) = preSolution
		HideSolutionNode = FALSE
	EndGlobalSection
	GlobalSection(ExtensibilityGlobals) = postSolution
		SolutionGuid = {683EEB96-7547-4037-BB18-C0586F8F078A}
	EndGlobalSection
EndGlobal
