
Microsoft Visual Studio Solution File, Format Version 12.00
# Visual Studio 15
VisualStudioVersion = 15.0.28307.136
MinimumVisualStudioVersion = 10.0.40219.1
Project("{8BC9CEB8-8B4A-11D0-8D11-00A0C91BC942}") = "Server", "Server\Server.vcxproj", "{F8CE5E7E-DA70-41BC-B21A-B33A033E48B1}"
	ProjectSection(ProjectDependencies) = postProject
		{7F987E38-7A23-4DF3-93F5-635E730FE149} = {7F987E38-7A23-4DF3-93F5-635E730FE149}
		{29A2476E-CE35-4061-995C-96F8BCA48CB2} = {29A2476E-CE35-4061-995C-96F8BCA48CB2}
		{8C9298DA-90E1-4225-9755-0309A8DE73F9} = {8C9298DA-90E1-4225-9755-0309A8DE73F9}
		{B67FDEE2-669B-42A1-890F-F5256482EE5C} = {B67FDEE2-669B-42A1-890F-F5256482EE5C}
	EndProjectSection
EndProject
Project("{8BC9CEB8-8B4A-11D0-8D11-00A0C91BC942}") = "KVS_Core", "KVS\Source\Core\Core.vcxproj", "{7F987E38-7A23-4DF3-93F5-635E730FE149}"
EndProject
Project("{8BC9CEB8-8B4A-11D0-8D11-00A0C91BC942}") = "Common", "Common\Common.vcxproj", "{29A2476E-CE35-4061-995C-96F8BCA48CB2}"
EndProject
Project("{8BC9CEB8-8B4A-11D0-8D11-00A0C91BC942}") = "FunctionParser", "FunctionParser\FunctionParser.vcxproj", "{B67FDEE2-669B-42A1-890F-F5256482EE5C}"
EndProject
Project("{8BC9CEB8-8B4A-11D0-8D11-00A0C91BC942}") = "glui", "glui\src\msvc\glui.vcxproj", "{A34420CD-D874-7FA6-C628-4F8CDB8C5F43}"
EndProject
Project("{8BC9CEB8-8B4A-11D0-8D11-00A0C91BC942}") = "KVS_SupportGLUT", "KVS\Source\SupportGLUT\SupportGLUT.vcxproj", "{2F05F59F-261C-4548-B18B-27281EBCD6F5}"
EndProject
Project("{8BC9CEB8-8B4A-11D0-8D11-00A0C91BC942}") = "Client", "Client\Client.vcxproj", "{CEAF2484-D8AA-409C-B354-FB708A52831B}"
	ProjectSection(ProjectDependencies) = postProject
		{7F987E38-7A23-4DF3-93F5-635E730FE149} = {7F987E38-7A23-4DF3-93F5-635E730FE149}
		{29A2476E-CE35-4061-995C-96F8BCA48CB2} = {29A2476E-CE35-4061-995C-96F8BCA48CB2}
		{2F05F59F-261C-4548-B18B-27281EBCD6F5} = {2F05F59F-261C-4548-B18B-27281EBCD6F5}
		{A34420CD-D874-7FA6-C628-4F8CDB8C5F43} = {A34420CD-D874-7FA6-C628-4F8CDB8C5F43}
		{B67FDEE2-669B-42A1-890F-F5256482EE5C} = {B67FDEE2-669B-42A1-890F-F5256482EE5C}
	EndProjectSection
EndProject
Project("{8BC9CEB8-8B4A-11D0-8D11-00A0C91BC942}") = "PbvrFilter", "PbvrFilter\PbvrFilter.vcxproj", "{8C9298DA-90E1-4225-9755-0309A8DE73F9}"
EndProject
Project("{8BC9CEB8-8B4A-11D0-8D11-00A0C91BC942}") = "PbvrFilter_VTK", "PbvrFilter\PbvrFilter_VTK.vcxproj", "{8C9298DA-90E1-4225-9755-0309A8DE73FF}"
EndProject
Project("{8BC9CEB8-8B4A-11D0-8D11-00A0C91BC942}") = "Server_VTK", "Server\Server_VTK.vcxproj", "{F8CE5E7E-DA70-41BC-B21A-B33A033E48B2}"
	ProjectSection(ProjectDependencies) = postProject
		{7F987E38-7A23-4DF3-93F5-635E730FE149} = {7F987E38-7A23-4DF3-93F5-635E730FE149}
		{29A2476E-CE35-4061-995C-96F8BCA48CB2} = {29A2476E-CE35-4061-995C-96F8BCA48CB2}
		{8C9298DA-90E1-4225-9755-0309A8DE73FF} = {8C9298DA-90E1-4225-9755-0309A8DE73FF}
		{B67FDEE2-669B-42A1-890F-F5256482EE5C} = {B67FDEE2-669B-42A1-890F-F5256482EE5C}
	EndProjectSection
EndProject
Global
	GlobalSection(SolutionConfigurationPlatforms) = preSolution
		Debug|x64 = Debug|x64
		Release|x64 = Release|x64
	EndGlobalSection
	GlobalSection(ProjectConfigurationPlatforms) = postSolution
		{F8CE5E7E-DA70-41BC-B21A-B33A033E48B1}.Debug|x64.ActiveCfg = Debug|x64
		{F8CE5E7E-DA70-41BC-B21A-B33A033E48B1}.Debug|x64.Build.0 = Debug|x64
		{F8CE5E7E-DA70-41BC-B21A-B33A033E48B1}.Release|x64.ActiveCfg = Release|x64
		{F8CE5E7E-DA70-41BC-B21A-B33A033E48B1}.Release|x64.Build.0 = Release|x64
		{7F987E38-7A23-4DF3-93F5-635E730FE149}.Debug|x64.ActiveCfg = Debug|x64
		{7F987E38-7A23-4DF3-93F5-635E730FE149}.Debug|x64.Build.0 = Debug|x64
		{7F987E38-7A23-4DF3-93F5-635E730FE149}.Release|x64.ActiveCfg = Release|x64
		{7F987E38-7A23-4DF3-93F5-635E730FE149}.Release|x64.Build.0 = Release|x64
		{29A2476E-CE35-4061-995C-96F8BCA48CB2}.Debug|x64.ActiveCfg = Debug|x64
		{29A2476E-CE35-4061-995C-96F8BCA48CB2}.Debug|x64.Build.0 = Debug|x64
		{29A2476E-CE35-4061-995C-96F8BCA48CB2}.Release|x64.ActiveCfg = Release|x64
		{29A2476E-CE35-4061-995C-96F8BCA48CB2}.Release|x64.Build.0 = Release|x64
		{B67FDEE2-669B-42A1-890F-F5256482EE5C}.Debug|x64.ActiveCfg = Debug|x64
		{B67FDEE2-669B-42A1-890F-F5256482EE5C}.Debug|x64.Build.0 = Debug|x64
		{B67FDEE2-669B-42A1-890F-F5256482EE5C}.Release|x64.ActiveCfg = Release|x64
		{B67FDEE2-669B-42A1-890F-F5256482EE5C}.Release|x64.Build.0 = Release|x64
		{A34420CD-D874-7FA6-C628-4F8CDB8C5F43}.Debug|x64.ActiveCfg = Debug|x64
		{A34420CD-D874-7FA6-C628-4F8CDB8C5F43}.Debug|x64.Build.0 = Debug|x64
		{A34420CD-D874-7FA6-C628-4F8CDB8C5F43}.Release|x64.ActiveCfg = Release|x64
		{A34420CD-D874-7FA6-C628-4F8CDB8C5F43}.Release|x64.Build.0 = Release|x64
		{2F05F59F-261C-4548-B18B-27281EBCD6F5}.Debug|x64.ActiveCfg = Debug|x64
		{2F05F59F-261C-4548-B18B-27281EBCD6F5}.Debug|x64.Build.0 = Debug|x64
		{2F05F59F-261C-4548-B18B-27281EBCD6F5}.Release|x64.ActiveCfg = Release|x64
		{2F05F59F-261C-4548-B18B-27281EBCD6F5}.Release|x64.Build.0 = Release|x64
		{CEAF2484-D8AA-409C-B354-FB708A52831B}.Debug|x64.ActiveCfg = Debug|x64
		{CEAF2484-D8AA-409C-B354-FB708A52831B}.Debug|x64.Build.0 = Debug|x64
		{CEAF2484-D8AA-409C-B354-FB708A52831B}.Release|x64.ActiveCfg = Release|x64
		{CEAF2484-D8AA-409C-B354-FB708A52831B}.Release|x64.Deploy.0 = Release|x64
		{8C9298DA-90E1-4225-9755-0309A8DE73F9}.Debug|x64.ActiveCfg = Debug|x64
		{8C9298DA-90E1-4225-9755-0309A8DE73F9}.Debug|x64.Build.0 = Debug|x64
		{8C9298DA-90E1-4225-9755-0309A8DE73F9}.Release|x64.ActiveCfg = Release|x64
		{8C9298DA-90E1-4225-9755-0309A8DE73F9}.Release|x64.Build.0 = Release|x64
		{8C9298DA-90E1-4225-9755-0309A8DE73FF}.Debug|x64.ActiveCfg = Debug|x64
		{8C9298DA-90E1-4225-9755-0309A8DE73FF}.Release|x64.ActiveCfg = Release|x64
		{F8CE5E7E-DA70-41BC-B21A-B33A033E48B2}.Debug|x64.ActiveCfg = Debug|x64
		{F8CE5E7E-DA70-41BC-B21A-B33A033E48B2}.Release|x64.ActiveCfg = Release|x64
	EndGlobalSection
	GlobalSection(SolutionProperties) = preSolution
		HideSolutionNode = FALSE
	EndGlobalSection
	GlobalSection(ExtensibilityGlobals) = postSolution
		SolutionGuid = {F0C0817F-6111-4D2F-9CDF-DDD550FD0EAB}
	EndGlobalSection
EndGlobal
