<?xml version="1.0" encoding="utf-8"?>
<Project ToolsVersion="4.0" xmlns="http://schemas.microsoft.com/developer/msbuild/2003">
  <ItemGroup>
    <Filter Include="Source Files">
      <UniqueIdentifier>{4FC737F1-C7A5-4376-A066-2A32D752A2FF}</UniqueIdentifier>
      <Extensions>cpp;c;cc;cxx;def;odl;idl;hpj;bat;asm;asmx</Extensions>
    </Filter>
    <Filter Include="Header Files">
      <UniqueIdentifier>{93995380-89BD-4b04-88EB-625FBE52EBFB}</UniqueIdentifier>
      <Extensions>h;hh;hpp;hxx;hm;inl;inc;xsd</Extensions>
    </Filter>
    <Filter Include="Resource Files">
      <UniqueIdentifier>{67DA6AB6-F800-4c08-8B7A-83BB121AAD01}</UniqueIdentifier>
      <Extensions>rc;ico;cur;bmp;dlg;rc2;rct;bin;rgs;gif;jpg;jpeg;jpe;resx;tiff;tif;png;wav</Extensions>
    </Filter>
  </ItemGroup>
  <ItemGroup>
    <ClCompile Include="shader2header.c">
      <Filter>Source Files</Filter>
    </ClCompile>
    <ClCompile Include="renderer\EnsembleAverageBuffer.cpp">
      <Filter>Source Files</Filter>
    </ClCompile>
    <ClCompile Include="renderer\ParticleVolumeRenderer.cpp">
      <Filter>Source Files</Filter>
    </ClCompile>
    <ClCompile Include="renderer\PointRenderer.cpp">
      <Filter>Source Files</Filter>
    </ClCompile>
    <ClCompile Include="renderer\PolygonRenderer.cpp">
      <Filter>Source Files</Filter>
    </ClCompile>
    <ClCompile Include="viewer\BufferObject.cpp">
      <Filter>Source Files</Filter>
    </ClCompile>
    <ClCompile Include="viewer\FragmentShader.cpp">
      <Filter>Source Files</Filter>
    </ClCompile>
    <ClCompile Include="viewer\FrameBufferObject.cpp">
      <Filter>Source Files</Filter>
    </ClCompile>
    <ClCompile Include="viewer\GeometryShader.cpp">
      <Filter>Source Files</Filter>
    </ClCompile>
    <ClCompile Include="viewer\IndexBufferObject.cpp">
      <Filter>Source Files</Filter>
    </ClCompile>
    <ClCompile Include="viewer\PixelBufferObject.cpp">
      <Filter>Source Files</Filter>
    </ClCompile>
    <ClCompile Include="viewer\ProgramObject.cpp">
      <Filter>Source Files</Filter>
    </ClCompile>
    <ClCompile Include="viewer\RenderBuffer.cpp">
      <Filter>Source Files</Filter>
    </ClCompile>
    <ClCompile Include="viewer\ShaderObject.cpp">
      <Filter>Source Files</Filter>
    </ClCompile>
    <ClCompile Include="viewer\ShaderSource.cpp">
      <Filter>Source Files</Filter>
    </ClCompile>
    <ClCompile Include="viewer\Texture3D.cpp">
      <Filter>Source Files</Filter>
    </ClCompile>
    <ClCompile Include="viewer\TextureRectangle.cpp">
      <Filter>Source Files</Filter>
    </ClCompile>
    <ClCompile Include="viewer\VertexBufferObject.cpp">
      <Filter>Source Files</Filter>
    </ClCompile>
    <ClCompile Include="viewer\VertexShader.cpp">
      <Filter>Source Files</Filter>
    </ClCompile>
  </ItemGroup>
  <ItemGroup>
    <ClInclude Include="GLEW.h">
      <Filter>Header Files</Filter>
    </ClInclude>
    <ClInclude Include="renderer\EnsembleAverageBuffer.h">
      <Filter>Header Files</Filter>
    </ClInclude>
    <ClInclude Include="renderer\ParticleVolumeRenderer.h">
      <Filter>Header Files</Filter>
    </ClInclude>
    <ClInclude Include="renderer\PointRenderer.h">
      <Filter>Header Files</Filter>
    </ClInclude>
    <ClInclude Include="renderer\PolygonRenderer.h">
      <Filter>Header Files</Filter>
    </ClInclude>
    <ClInclude Include="renderer\particlevolumerenderer\Shader.h">
      <Filter>Header Files</Filter>
    </ClInclude>
    <ClInclude Include="renderer\pointrenderer\Shader.h">
      <Filter>Header Files</Filter>
    </ClInclude>
    <ClInclude Include="renderer\polygonrenderer\Shader.h">
      <Filter>Header Files</Filter>
    </ClInclude>
    <ClInclude Include="renderer\raycastingrenderer\Shader.h">
      <Filter>Header Files</Filter>
    </ClInclude>
    <ClInclude Include="renderer\shader\shading.h">
      <Filter>Header Files</Filter>
    </ClInclude>
    <ClInclude Include="renderer\shader\transfer_function.h">
      <Filter>Header Files</Filter>
    </ClInclude>
    <ClInclude Include="renderer\shader\volume.h">
      <Filter>Header Files</Filter>
    </ClInclude>
    <ClInclude Include="viewer\BufferObject.h">
      <Filter>Header Files</Filter>
    </ClInclude>
    <ClInclude Include="viewer\FragmentShader.h">
      <Filter>Header Files</Filter>
    </ClInclude>
    <ClInclude Include="viewer\FrameBufferObject.h">
      <Filter>Header Files</Filter>
    </ClInclude>
    <ClInclude Include="viewer\GeometryShader.h">
      <Filter>Header Files</Filter>
    </ClInclude>
    <ClInclude Include="viewer\IndexBufferObject.h">
      <Filter>Header Files</Filter>
    </ClInclude>
    <ClInclude Include="viewer\PixelBufferObject.h">
      <Filter>Header Files</Filter>
    </ClInclude>
    <ClInclude Include="viewer\ProgramObject.h">
      <Filter>Header Files</Filter>
    </ClInclude>
    <ClInclude Include="viewer\RenderBuffer.h">
      <Filter>Header Files</Filter>
    </ClInclude>
    <ClInclude Include="viewer\ShaderObject.h">
      <Filter>Header Files</Filter>
    </ClInclude>
    <ClInclude Include="viewer\ShaderSource.h">
      <Filter>Header Files</Filter>
    </ClInclude>
    <ClInclude Include="viewer\Texture3D.h">
      <Filter>Header Files</Filter>
    </ClInclude>
    <ClInclude Include="viewer\TextureRectangle.h">
      <Filter>Header Files</Filter>
    </ClInclude>
    <ClInclude Include="viewer\VertexBufferObject.h">
      <Filter>Header Files</Filter>
    </ClInclude>
    <ClInclude Include="viewer\VertexShader.h">
      <Filter>Header Files</Filter>
    </ClInclude>
  </ItemGroup>
</Project>