<?xml version="1.0" encoding="utf-8"?>
<Project ToolsVersion="4.0" xmlns="http://schemas.microsoft.com/developer/msbuild/2003">
  <ItemGroup>
    <ClCompile Include="ExpressionConverter.cpp" />
    <ClCompile Include="ExpressionTokenizer.cpp" />
    <ClCompile Include="ReversePolishNotation.cpp" />
    <ClCompile Include="function.cpp" />
    <ClCompile Include="function_parser.cpp" />
  </ItemGroup>
  <ItemGroup>
    <ClInclude Include="ExpressionConverter.h" />
    <ClInclude Include="ExpressionTokenizer.h" />
    <ClInclude Include="ReversePolishNotation.h" />
    <ClInclude Include="Token.h" />
    <ClInclude Include="function.h" />
    <ClInclude Include="function_op.h" />
    <ClInclude Include="function_parser.h" />
  </ItemGroup>
</Project>