
Microsoft Visual Studio Solution File, Format Version 12.00
# Visual Studio Version 16
VisualStudioVersion = 16.0.30621.155
MinimumVisualStudioVersion = 10.0.40219.1
Project("{8BC9CEB8-8B4A-11D0-8D11-00A0C91BC942}") = "Server", "Server\Server.vcxproj", "{F8CE5E7E-DA70-41BC-B21A-B33A033E48B1}"
	ProjectSection(ProjectDependencies) = postProject
		{7F987E38-7A23-4DF3-93F5-635E730FE149} = {7F987E38-7A23-4DF3-93F5-635E730FE149}
		{29A2476E-CE35-4061-995C-96F8BCA48CB2} = {29A2476E-CE35-4061-995C-96F8BCA48CB2}
		{B67FDEE2-669B-42A1-890F-F5256482EE5C} = {B67FDEE2-669B-42A1-890F-F5256482EE5C}
	EndProjectSection
EndProject
Project("{8BC9CEB8-8B4A-11D0-8D11-00A0C91BC942}") = "KVS_Core", "KVS\Source\Core\Core.vcxproj", "{7F987E38-7A23-4DF3-93F5-635E730FE149}"
EndProject
Project("{8BC9CEB8-8B4A-11D0-8D11-00A0C91BC942}") = "Common", "Common\Common.vcxproj", "{29A2476E-CE35-4061-995C-96F8BCA48CB2}"
EndProject
Project("{8BC9CEB8-8B4A-11D0-8D11-00A0C91BC942}") = "FunctionParser", "FunctionParser\FunctionParser.vcxproj", "{B67FDEE2-669B-42A1-890F-F5256482EE5C}"
EndProject
Project("{8BC9CEB8-8B4A-11D0-8D11-00A0C91BC942}") = "glui", "glui\src\msvc\glui.vcxproj", "{A34420CD-D874-7FA6-C628-4F8CDB8C5F43}"
EndProject
Project("{8BC9CEB8-8B4A-11D0-8D11-00A0C91BC942}") = "KVS_SupportGLUT", "KVS\Source\SupportGLUT\SupportGLUT.vcxproj", "{2F05F59F-261C-4548-B18B-27281EBCD6F5}"
EndProject
Project("{8BC9CEB8-8B4A-11D0-8D11-00A0C91BC942}") = "Client", "Client\Client.vcxproj", "{CEAF2484-D8AA-409C-B354-FB708A52831B}"
	ProjectSection(ProjectDependencies) = postProject
		{7F987E38-7A23-4DF3-93F5-635E730FE149} = {7F987E38-7A23-4DF3-93F5-635E730FE149}
		{29A2476E-CE35-4061-995C-96F8BCA48CB2} = {29A2476E-CE35-4061-995C-96F8BCA48CB2}
		{2F05F59F-261C-4548-B18B-27281EBCD6F5} = {2F05F59F-261C-4548-B18B-27281EBCD6F5}
		{A34420CD-D874-7FA6-C628-4F8CDB8C5F43} = {A34420CD-D874-7FA6-C628-4F8CDB8C5F43}
		{B67FDEE2-669B-42A1-890F-F5256482EE5C} = {B67FDEE2-669B-42A1-890F-F5256482EE5C}
	EndProjectSection
EndProject
Project("{8BC9CEB8-8B4A-11D0-8D11-00A0C91BC942}") = "Filter", "Filter\Filter.vcxproj", "{F4560F45-8CBD-4FC6-8C85-5AB16DCC4A69}"
EndProject
Project("{8BC9CEB8-8B4A-11D0-8D11-00A0C91BC942}") = "Filter_vtk", "Filter\Filter_vtk.vcxproj", "{B2218F17-F6C8-4C1F-A00A-A6052D50F4AB}"
EndProject
Global
	GlobalSection(SolutionConfigurationPlatforms) = preSolution
		Debug|ARM = Debug|ARM
		Debug|Win32 = Debug|Win32
		Debug|x64 = Debug|x64
		Release|ARM = Release|ARM
		Release|Win32 = Release|Win32
		Release|x64 = Release|x64
	EndGlobalSection
	GlobalSection(ProjectConfigurationPlatforms) = postSolution
		{F8CE5E7E-DA70-41BC-B21A-B33A033E48B1}.Debug|ARM.ActiveCfg = Debug|Win32
		{F8CE5E7E-DA70-41BC-B21A-B33A033E48B1}.Debug|Win32.ActiveCfg = Debug|Win32
		{F8CE5E7E-DA70-41BC-B21A-B33A033E48B1}.Debug|Win32.Build.0 = Debug|Win32
		{F8CE5E7E-DA70-41BC-B21A-B33A033E48B1}.Debug|x64.ActiveCfg = Debug|x64
		{F8CE5E7E-DA70-41BC-B21A-B33A033E48B1}.Debug|x64.Build.0 = Debug|x64
		{F8CE5E7E-DA70-41BC-B21A-B33A033E48B1}.Release|ARM.ActiveCfg = Release|Win32
		{F8CE5E7E-DA70-41BC-B21A-B33A033E48B1}.Release|Win32.ActiveCfg = Release|Win32
		{F8CE5E7E-DA70-41BC-B21A-B33A033E48B1}.Release|Win32.Build.0 = Release|Win32
		{F8CE5E7E-DA70-41BC-B21A-B33A033E48B1}.Release|x64.ActiveCfg = Release|x64
		{F8CE5E7E-DA70-41BC-B21A-B33A033E48B1}.Release|x64.Build.0 = Release|x64
		{7F987E38-7A23-4DF3-93F5-635E730FE149}.Debug|ARM.ActiveCfg = Debug|Win32
		{7F987E38-7A23-4DF3-93F5-635E730FE149}.Debug|Win32.ActiveCfg = Debug|Win32
		{7F987E38-7A23-4DF3-93F5-635E730FE149}.Debug|Win32.Build.0 = Debug|Win32
		{7F987E38-7A23-4DF3-93F5-635E730FE149}.Debug|x64.ActiveCfg = Debug|x64
		{7F987E38-7A23-4DF3-93F5-635E730FE149}.Debug|x64.Build.0 = Debug|x64
		{7F987E38-7A23-4DF3-93F5-635E730FE149}.Release|ARM.ActiveCfg = Release|Win32
		{7F987E38-7A23-4DF3-93F5-635E730FE149}.Release|Win32.ActiveCfg = Release|Win32
		{7F987E38-7A23-4DF3-93F5-635E730FE149}.Release|Win32.Build.0 = Release|Win32
		{7F987E38-7A23-4DF3-93F5-635E730FE149}.Release|x64.ActiveCfg = Release|x64
		{7F987E38-7A23-4DF3-93F5-635E730FE149}.Release|x64.Build.0 = Release|x64
		{29A2476E-CE35-4061-995C-96F8BCA48CB2}.Debug|ARM.ActiveCfg = Debug|Win32
		{29A2476E-CE35-4061-995C-96F8BCA48CB2}.Debug|Win32.ActiveCfg = Debug|Win32
		{29A2476E-CE35-4061-995C-96F8BCA48CB2}.Debug|Win32.Build.0 = Debug|Win32
		{29A2476E-CE35-4061-995C-96F8BCA48CB2}.Debug|x64.ActiveCfg = Debug|x64
		{29A2476E-CE35-4061-995C-96F8BCA48CB2}.Debug|x64.Build.0 = Debug|x64
		{29A2476E-CE35-4061-995C-96F8BCA48CB2}.Release|ARM.ActiveCfg = Release|Win32
		{29A2476E-CE35-4061-995C-96F8BCA48CB2}.Release|Win32.ActiveCfg = Release|Win32
		{29A2476E-CE35-4061-995C-96F8BCA48CB2}.Release|Win32.Build.0 = Release|Win32
		{29A2476E-CE35-4061-995C-96F8BCA48CB2}.Release|x64.ActiveCfg = Release|x64
		{29A2476E-CE35-4061-995C-96F8BCA48CB2}.Release|x64.Build.0 = Release|x64
		{B67FDEE2-669B-42A1-890F-F5256482EE5C}.Debug|ARM.ActiveCfg = Debug|Win32
		{B67FDEE2-669B-42A1-890F-F5256482EE5C}.Debug|Win32.ActiveCfg = Debug|Win32
		{B67FDEE2-669B-42A1-890F-F5256482EE5C}.Debug|Win32.Build.0 = Debug|Win32
		{B67FDEE2-669B-42A1-890F-F5256482EE5C}.Debug|x64.ActiveCfg = Debug|x64
		{B67FDEE2-669B-42A1-890F-F5256482EE5C}.Debug|x64.Build.0 = Debug|x64
		{B67FDEE2-669B-42A1-890F-F5256482EE5C}.Release|ARM.ActiveCfg = Release|Win32
		{B67FDEE2-669B-42A1-890F-F5256482EE5C}.Release|Win32.ActiveCfg = Release|Win32
		{B67FDEE2-669B-42A1-890F-F5256482EE5C}.Release|Win32.Build.0 = Release|Win32
		{B67FDEE2-669B-42A1-890F-F5256482EE5C}.Release|x64.ActiveCfg = Release|x64
		{B67FDEE2-669B-42A1-890F-F5256482EE5C}.Release|x64.Build.0 = Release|x64
		{A34420CD-D874-7FA6-C628-4F8CDB8C5F43}.Debug|ARM.ActiveCfg = Debug|Win32
		{A34420CD-D874-7FA6-C628-4F8CDB8C5F43}.Debug|Win32.ActiveCfg = Debug|Win32
		{A34420CD-D874-7FA6-C628-4F8CDB8C5F43}.Debug|Win32.Build.0 = Debug|Win32
		{A34420CD-D874-7FA6-C628-4F8CDB8C5F43}.Debug|x64.ActiveCfg = Debug|x64
		{A34420CD-D874-7FA6-C628-4F8CDB8C5F43}.Debug|x64.Build.0 = Debug|x64
		{A34420CD-D874-7FA6-C628-4F8CDB8C5F43}.Release|ARM.ActiveCfg = Release|Win32
		{A34420CD-D874-7FA6-C628-4F8CDB8C5F43}.Release|Win32.ActiveCfg = Release|Win32
		{A34420CD-D874-7FA6-C628-4F8CDB8C5F43}.Release|Win32.Build.0 = Release|Win32
		{A34420CD-D874-7FA6-C628-4F8CDB8C5F43}.Release|x64.ActiveCfg = Release|x64
		{2F05F59F-261C-4548-B18B-27281EBCD6F5}.Debug|ARM.ActiveCfg = Debug|Win32
		{2F05F59F-261C-4548-B18B-27281EBCD6F5}.Debug|Win32.ActiveCfg = Debug|Win32
		{2F05F59F-261C-4548-B18B-27281EBCD6F5}.Debug|Win32.Build.0 = Debug|Win32
		{2F05F59F-261C-4548-B18B-27281EBCD6F5}.Debug|x64.ActiveCfg = Debug|x64
		{2F05F59F-261C-4548-B18B-27281EBCD6F5}.Debug|x64.Build.0 = Debug|x64
		{2F05F59F-261C-4548-B18B-27281EBCD6F5}.Release|ARM.ActiveCfg = Release|Win32
		{2F05F59F-261C-4548-B18B-27281EBCD6F5}.Release|Win32.ActiveCfg = Release|Win32
		{2F05F59F-261C-4548-B18B-27281EBCD6F5}.Release|Win32.Build.0 = Release|Win32
		{2F05F59F-261C-4548-B18B-27281EBCD6F5}.Release|x64.ActiveCfg = Release|x64
		{CEAF2484-D8AA-409C-B354-FB708A52831B}.Debug|ARM.ActiveCfg = Debug|Win32
		{CEAF2484-D8AA-409C-B354-FB708A52831B}.Debug|Win32.ActiveCfg = Debug|Win32
		{CEAF2484-D8AA-409C-B354-FB708A52831B}.Debug|Win32.Build.0 = Debug|Win32
		{CEAF2484-D8AA-409C-B354-FB708A52831B}.Debug|x64.ActiveCfg = Debug|x64
		{CEAF2484-D8AA-409C-B354-FB708A52831B}.Debug|x64.Build.0 = Debug|x64
		{CEAF2484-D8AA-409C-B354-FB708A52831B}.Release|ARM.ActiveCfg = Release|Win32
		{CEAF2484-D8AA-409C-B354-FB708A52831B}.Release|Win32.ActiveCfg = Release|Win32
		{CEAF2484-D8AA-409C-B354-FB708A52831B}.Release|Win32.Build.0 = Release|Win32
		{CEAF2484-D8AA-409C-B354-FB708A52831B}.Release|x64.ActiveCfg = Release|x64
		{CEAF2484-D8AA-409C-B354-FB708A52831B}.Release|x64.Deploy.0 = Release|x64
		{F4560F45-8CBD-4FC6-8C85-5AB16DCC4A69}.Debug|ARM.ActiveCfg = Debug|ARM
		{F4560F45-8CBD-4FC6-8C85-5AB16DCC4A69}.Debug|ARM.Build.0 = Debug|ARM
		{F4560F45-8CBD-4FC6-8C85-5AB16DCC4A69}.Debug|Win32.ActiveCfg = Debug|Win32
		{F4560F45-8CBD-4FC6-8C85-5AB16DCC4A69}.Debug|Win32.Build.0 = Debug|Win32
		{F4560F45-8CBD-4FC6-8C85-5AB16DCC4A69}.Debug|x64.ActiveCfg = Debug|x64
		{F4560F45-8CBD-4FC6-8C85-5AB16DCC4A69}.Debug|x64.Build.0 = Debug|x64
		{F4560F45-8CBD-4FC6-8C85-5AB16DCC4A69}.Release|ARM.ActiveCfg = Release|ARM
		{F4560F45-8CBD-4FC6-8C85-5AB16DCC4A69}.Release|ARM.Build.0 = Release|ARM
		{F4560F45-8CBD-4FC6-8C85-5AB16DCC4A69}.Release|Win32.ActiveCfg = Release|Win32
		{F4560F45-8CBD-4FC6-8C85-5AB16DCC4A69}.Release|Win32.Build.0 = Release|Win32
		{F4560F45-8CBD-4FC6-8C85-5AB16DCC4A69}.Release|x64.ActiveCfg = Release|x64
		{F4560F45-8CBD-4FC6-8C85-5AB16DCC4A69}.Release|x64.Build.0 = Release|x64
		{B2218F17-F6C8-4C1F-A00A-A6052D50F4AB}.Debug|ARM.ActiveCfg = Debug|ARM
		{B2218F17-F6C8-4C1F-A00A-A6052D50F4AB}.Debug|ARM.Build.0 = Debug|ARM
		{B2218F17-F6C8-4C1F-A00A-A6052D50F4AB}.Debug|Win32.ActiveCfg = Debug|Win32
		{B2218F17-F6C8-4C1F-A00A-A6052D50F4AB}.Debug|Win32.Build.0 = Debug|Win32
		{B2218F17-F6C8-4C1F-A00A-A6052D50F4AB}.Debug|x64.ActiveCfg = Debug|x64
		{B2218F17-F6C8-4C1F-A00A-A6052D50F4AB}.Release|ARM.ActiveCfg = Release|ARM
		{B2218F17-F6C8-4C1F-A00A-A6052D50F4AB}.Release|ARM.Build.0 = Release|ARM
		{B2218F17-F6C8-4C1F-A00A-A6052D50F4AB}.Release|Win32.ActiveCfg = Release|Win32
		{B2218F17-F6C8-4C1F-A00A-A6052D50F4AB}.Release|Win32.Build.0 = Release|Win32
		{B2218F17-F6C8-4C1F-A00A-A6052D50F4AB}.Release|x64.ActiveCfg = Release|x64
	EndGlobalSection
	GlobalSection(SolutionProperties) = preSolution
		HideSolutionNode = FALSE
	EndGlobalSection
	GlobalSection(ExtensibilityGlobals) = postSolution
		SolutionGuid = {490772C0-CFAC-4108-8705-EF9524D17A3A}
	EndGlobalSection
EndGlobal
